
Microsoft Visual Studio Solution File, Format Version 12.00
# Visual Studio 15
VisualStudioVersion = 15.0.28307.421
MinimumVisualStudioVersion = 10.0.40219.1
Project("{FAE04EC0-301F-11D3-BF4B-00C04F79EFBC}") = "PayRoll_Calculator", "PayRoll_Calculator\PayRoll_Calculator.csproj", "{D6236727-2439-4AFC-B203-15ABA7DF7188}"
EndProject
Global
	GlobalSection(SolutionConfigurationPlatforms) = preSolution
		Debug|Any CPU = Debug|Any CPU
		Release|Any CPU = Release|Any CPU
	EndGlobalSection
	GlobalSection(ProjectConfigurationPlatforms) = postSolution
		{D6236727-2439-4AFC-B203-15ABA7DF7188}.Debug|Any CPU.ActiveCfg = Debug|Any CPU
		{D6236727-2439-4AFC-B203-15ABA7DF7188}.Debug|Any CPU.Build.0 = Debug|Any CPU
		{D6236727-2439-4AFC-B203-15ABA7DF7188}.Release|Any CPU.ActiveCfg = Release|Any CPU
		{D6236727-2439-4AFC-B203-15ABA7DF7188}.Release|Any CPU.Build.0 = Release|Any CPU
	EndGlobalSection
	GlobalSection(SolutionProperties) = preSolution
		HideSolutionNode = FALSE
	EndGlobalSection
	GlobalSection(ExtensibilityGlobals) = postSolution
		SolutionGuid = {B179549E-2BD9-45C5-85CC-F9499CE15EF8}
	EndGlobalSection
EndGlobal
